
Microsoft Visual Studio Solution File, Format Version 12.00
# Visual Studio Version 16
VisualStudioVersion = 16.0.30503.244
MinimumVisualStudioVersion = 10.0.40219.1
Project("{9A19103F-16F7-4668-BE54-9A1E7A4F7556}") = "BinaryFog.NameParser", "BinaryFog.NameParser\BinaryFog.NameParser.csproj", "{5BCB7AA3-D399-4246-A8B9-E88F1FB15465}"
EndProject
Project("{9A19103F-16F7-4668-BE54-9A1E7A4F7556}") = "BinaryFog.NameParser.Tests", "BinaryFog.NameParser.Tests\BinaryFog.NameParser.Tests.csproj", "{2D16C3D8-4EC7-4BE4-A991-BF4F85BF54F7}"
EndProject
Global
	GlobalSection(SolutionConfigurationPlatforms) = preSolution
		Debug Patterns|Any CPU = Debug Patterns|Any CPU
		Debug|Any CPU = Debug|Any CPU
		Release|Any CPU = Release|Any CPU
	EndGlobalSection
	GlobalSection(ProjectConfigurationPlatforms) = postSolution
		{5BCB7AA3-D399-4246-A8B9-E88F1FB15465}.Debug Patterns|Any CPU.ActiveCfg = Debug|Any CPU
		{5BCB7AA3-D399-4246-A8B9-E88F1FB15465}.Debug Patterns|Any CPU.Build.0 = Debug|Any CPU
		{5BCB7AA3-D399-4246-A8B9-E88F1FB15465}.Debug|Any CPU.ActiveCfg = Debug|Any CPU
		{5BCB7AA3-D399-4246-A8B9-E88F1FB15465}.Debug|Any CPU.Build.0 = Debug|Any CPU
		{5BCB7AA3-D399-4246-A8B9-E88F1FB15465}.Release|Any CPU.ActiveCfg = Release|Any CPU
		{5BCB7AA3-D399-4246-A8B9-E88F1FB15465}.Release|Any CPU.Build.0 = Release|Any CPU
		{2D16C3D8-4EC7-4BE4-A991-BF4F85BF54F7}.Debug Patterns|Any CPU.ActiveCfg = Debug|Any CPU
		{2D16C3D8-4EC7-4BE4-A991-BF4F85BF54F7}.Debug Patterns|Any CPU.Build.0 = Debug|Any CPU
		{2D16C3D8-4EC7-4BE4-A991-BF4F85BF54F7}.Debug|Any CPU.ActiveCfg = Debug|Any CPU
		{2D16C3D8-4EC7-4BE4-A991-BF4F85BF54F7}.Debug|Any CPU.Build.0 = Debug|Any CPU
		{2D16C3D8-4EC7-4BE4-A991-BF4F85BF54F7}.Release|Any CPU.ActiveCfg = Release|Any CPU
		{2D16C3D8-4EC7-4BE4-A991-BF4F85BF54F7}.Release|Any CPU.Build.0 = Release|Any CPU
	EndGlobalSection
	GlobalSection(SolutionProperties) = preSolution
		HideSolutionNode = FALSE
	EndGlobalSection
	GlobalSection(ExtensibilityGlobals) = postSolution
		SolutionGuid = {3E52C156-A5E3-4F7F-BFA2-AABB181FFC66}
	EndGlobalSection
EndGlobal
